
Microsoft Visual Studio Solution File, Format Version 12.00
# Visual Studio 15
VisualStudioVersion = 15.0.27703.2026
MinimumVisualStudioVersion = 10.0.40219.1
Project("{9A19103F-16F7-4668-BE54-9A1E7A4F7556}") = "RabbitMqService", "RabbitMqService\RabbitMqService.csproj", "{B4B90DBD-E3E1-40E8-8A10-25A1A8ABD40E}"
EndProject
Project("{9A19103F-16F7-4668-BE54-9A1E7A4F7556}") = "RabbitMqConsumer", "RabbitMqConsumer\RabbitMqConsumer.csproj", "{E2ED79BB-D2EF-419D-952F-8C73F4765FD4}"
EndProject
Project("{FAE04EC0-301F-11D3-BF4B-00C04F79EFBC}") = "RabbitMqCore", "RabbitMqCore\RabbitMqCore.csproj", "{28EB6FC7-905E-43F0-9C49-D4FE31837AA5}"
EndProject
Global
	GlobalSection(SolutionConfigurationPlatforms) = preSolution
		Debug|Any CPU = Debug|Any CPU
		Release|Any CPU = Release|Any CPU
	EndGlobalSection
	GlobalSection(ProjectConfigurationPlatforms) = postSolution
		{B4B90DBD-E3E1-40E8-8A10-25A1A8ABD40E}.Debug|Any CPU.ActiveCfg = Debug|Any CPU
		{B4B90DBD-E3E1-40E8-8A10-25A1A8ABD40E}.Debug|Any CPU.Build.0 = Debug|Any CPU
		{B4B90DBD-E3E1-40E8-8A10-25A1A8ABD40E}.Release|Any CPU.ActiveCfg = Release|Any CPU
		{B4B90DBD-E3E1-40E8-8A10-25A1A8ABD40E}.Release|Any CPU.Build.0 = Release|Any CPU
		{E2ED79BB-D2EF-419D-952F-8C73F4765FD4}.Debug|Any CPU.ActiveCfg = Debug|Any CPU
		{E2ED79BB-D2EF-419D-952F-8C73F4765FD4}.Debug|Any CPU.Build.0 = Debug|Any CPU
		{E2ED79BB-D2EF-419D-952F-8C73F4765FD4}.Release|Any CPU.ActiveCfg = Release|Any CPU
		{E2ED79BB-D2EF-419D-952F-8C73F4765FD4}.Release|Any CPU.Build.0 = Release|Any CPU
		{28EB6FC7-905E-43F0-9C49-D4FE31837AA5}.Debug|Any CPU.ActiveCfg = Debug|Any CPU
		{28EB6FC7-905E-43F0-9C49-D4FE31837AA5}.Debug|Any CPU.Build.0 = Debug|Any CPU
		{28EB6FC7-905E-43F0-9C49-D4FE31837AA5}.Release|Any CPU.ActiveCfg = Release|Any CPU
		{28EB6FC7-905E-43F0-9C49-D4FE31837AA5}.Release|Any CPU.Build.0 = Release|Any CPU
	EndGlobalSection
	GlobalSection(SolutionProperties) = preSolution
		HideSolutionNode = FALSE
	EndGlobalSection
	GlobalSection(ExtensibilityGlobals) = postSolution
		SolutionGuid = {6DC8A3BE-1462-4702-A5DB-EB20AD1BB40B}
	EndGlobalSection
EndGlobal
